{
  "name": "lc1_diagerror",
  "lockfileVersion": 2,
  "requires": true,
  "packages": {
    "": {
      "dependencies": {
        "@types/downloadjs": "^1.4.3"
      }
    },
    "node_modules/@types/downloadjs": {
      "version": "1.4.3",
      "resolved": "https://registry.npmjs.org/@types/downloadjs/-/downloadjs-1.4.3.tgz",
      "integrity": "sha512-MjJepFle/tLtT2/jmDNth6ZnwWzEhm40L+olE5HKR70ISUCfgT55eqreeHldAzFLY2HDUGsn8zgyto8KygN0CA=="
    }
  },
  "dependencies": {
    "@types/downloadjs": {
      "version": "1.4.3",
      "resolved": "https://registry.npmjs.org/@types/downloadjs/-/downloadjs-1.4.3.tgz",
      "integrity": "sha512-MjJepFle/tLtT2/jmDNth6ZnwWzEhm40L+olE5HKR70ISUCfgT55eqreeHldAzFLY2HDUGsn8zgyto8KygN0CA=="
    }
  }
}
